
Microsoft Visual Studio Solution File, Format Version 12.00
# Visual Studio Version 16
VisualStudioVersion = 16.0.29215.179
MinimumVisualStudioVersion = 10.0.40219.1
Project("{FAE04EC0-301F-11D3-BF4B-00C04F79EFBC}") = "cv-emmanuel", "cv-emmanuel.csproj", "{0169B1BB-89BB-456D-A346-669A5CAEE533}"
EndProject
Global
	GlobalSection(SolutionConfigurationPlatforms) = preSolution
		Debug|Any CPU = Debug|Any CPU
		Release|Any CPU = Release|Any CPU
	EndGlobalSection
	GlobalSection(ProjectConfigurationPlatforms) = postSolution
		{0169B1BB-89BB-456D-A346-669A5CAEE533}.Debug|Any CPU.ActiveCfg = Debug|Any CPU
		{0169B1BB-89BB-456D-A346-669A5CAEE533}.Debug|Any CPU.Build.0 = Debug|Any CPU
		{0169B1BB-89BB-456D-A346-669A5CAEE533}.Release|Any CPU.ActiveCfg = Release|Any CPU
		{0169B1BB-89BB-456D-A346-669A5CAEE533}.Release|Any CPU.Build.0 = Release|Any CPU
	EndGlobalSection
	GlobalSection(SolutionProperties) = preSolution
		HideSolutionNode = FALSE
	EndGlobalSection
	GlobalSection(ExtensibilityGlobals) = postSolution
		SolutionGuid = {2A11A625-22E5-461F-96B9-AAC6EBF51093}
	EndGlobalSection
EndGlobal
